{
  "pins" : [
    {
      "identity" : "networkrequestoperationqueue",
      "kind" : "remoteSourceControl",
      "location" : "https://github.com/shadzik/NetworkRequestOperationQueue",
      "state" : {
        "branch" : "main",
        "revision" : "2a98d35dfc7ac653a1a6f1097f3b0119b03b5efb"
      }
    }
  ],
  "version" : 2
}
