{
  "pins" : [
    {
      "identity" : "networkrequestoperationqueue",
      "kind" : "remoteSourceControl",
      "location" : "https://github.com/shadzik/NetworkRequestOperationQueue",
      "state" : {
        "branch" : "main",
        "revision" : "be2fafb7481a4946c46ecd139f239d4007211012"
      }
    }
  ],
  "version" : 2
}
