{
  "pins" : [
    {
      "identity" : "networkrequestoperationqueue",
      "kind" : "remoteSourceControl",
      "location" : "https://github.com/shadzik/NetworkRequestOperationQueue",
      "state" : {
        "branch" : "main",
        "revision" : "5dd1a4024ce33dba384a4ba832c33398c61320e5"
      }
    }
  ],
  "version" : 2
}
